
Microsoft Visual Studio Solution File, Format Version 12.00
# Visual Studio Version 17
VisualStudioVersion = 17.14.36518.9 d17.14
MinimumVisualStudioVersion = 10.0.40219.1
Project("{FAE04EC0-301F-11D3-BF4B-00C04F79EFBC}") = "Ejercicio_GIT", "Ejercicio_GIT\Ejercicio_GIT.csproj", "{3EC3C648-E2A8-46D5-A7C2-283CB0D17806}"
EndProject
Global
	GlobalSection(SolutionConfigurationPlatforms) = preSolution
		Debug|Any CPU = Debug|Any CPU
		Release|Any CPU = Release|Any CPU
	EndGlobalSection
	GlobalSection(ProjectConfigurationPlatforms) = postSolution
		{3EC3C648-E2A8-46D5-A7C2-283CB0D17806}.Debug|Any CPU.ActiveCfg = Debug|Any CPU
		{3EC3C648-E2A8-46D5-A7C2-283CB0D17806}.Debug|Any CPU.Build.0 = Debug|Any CPU
		{3EC3C648-E2A8-46D5-A7C2-283CB0D17806}.Release|Any CPU.ActiveCfg = Release|Any CPU
		{3EC3C648-E2A8-46D5-A7C2-283CB0D17806}.Release|Any CPU.Build.0 = Release|Any CPU
	EndGlobalSection
	GlobalSection(SolutionProperties) = preSolution
		HideSolutionNode = FALSE
	EndGlobalSection
	GlobalSection(ExtensibilityGlobals) = postSolution
		SolutionGuid = {F37D265C-DFBF-4531-AF38-612B5CF09E82}
	EndGlobalSection
EndGlobal
