
Microsoft Visual Studio Solution File, Format Version 12.00
# Visual Studio Version 17
VisualStudioVersion = 17.11.35312.102
MinimumVisualStudioVersion = 10.0.40219.1
Project("{FAE04EC0-301F-11D3-BF4B-00C04F79EFBC}") = "1. PENSION ALUMNOS", "UPN 1 - Problemas\1. PENSION ALUMNOS.csproj", "{01C9EEE3-B913-45DB-8CDA-13E706723EBC}"
EndProject
Project("{FAE04EC0-301F-11D3-BF4B-00C04F79EFBC}") = "2. PRESTAMOS BANCARIOS", "PRESTAMOS BANCARIOS\2. PRESTAMOS BANCARIOS.csproj", "{C7154BD6-8A12-4B7D-85C6-0E7A1EF1EBC8}"
EndProject
Project("{FAE04EC0-301F-11D3-BF4B-00C04F79EFBC}") = "3. CHOCOLATES", "3. CHOCOLATES\3. CHOCOLATES.csproj", "{274F921D-A1D9-4BD3-B8EA-8AC19D0BA61F}"
EndProject
Project("{FAE04EC0-301F-11D3-BF4B-00C04F79EFBC}") = "4. MENSAJES PUBLICADOS", "4. MENSAJES PUBLICADOS\4. MENSAJES PUBLICADOS.csproj", "{62D5E947-0D34-4763-88F8-FF8B086952E9}"
EndProject
Project("{FAE04EC0-301F-11D3-BF4B-00C04F79EFBC}") = "5. OBSEQUIO POR COMPRAS DE $500", "5. OBSEQUIO POR COMPRAS DE $500\5. OBSEQUIO POR COMPRAS DE $500.csproj", "{154D34C1-F6C6-4191-8361-3BFD53B4E45E}"
EndProject
Project("{FAE04EC0-301F-11D3-BF4B-00C04F79EFBC}") = "6. DESCUENTO PARA VIAJAR", "6. DESCUENTO PARA VIAJAR\6. DESCUENTO PARA VIAJAR.csproj", "{98E9C80D-066A-4549-B2D3-4B43DAA0F0CF}"
EndProject
Global
	GlobalSection(SolutionConfigurationPlatforms) = preSolution
		Debug|Any CPU = Debug|Any CPU
		Release|Any CPU = Release|Any CPU
	EndGlobalSection
	GlobalSection(ProjectConfigurationPlatforms) = postSolution
		{01C9EEE3-B913-45DB-8CDA-13E706723EBC}.Debug|Any CPU.ActiveCfg = Debug|Any CPU
		{01C9EEE3-B913-45DB-8CDA-13E706723EBC}.Debug|Any CPU.Build.0 = Debug|Any CPU
		{01C9EEE3-B913-45DB-8CDA-13E706723EBC}.Release|Any CPU.ActiveCfg = Release|Any CPU
		{01C9EEE3-B913-45DB-8CDA-13E706723EBC}.Release|Any CPU.Build.0 = Release|Any CPU
		{C7154BD6-8A12-4B7D-85C6-0E7A1EF1EBC8}.Debug|Any CPU.ActiveCfg = Debug|Any CPU
		{C7154BD6-8A12-4B7D-85C6-0E7A1EF1EBC8}.Debug|Any CPU.Build.0 = Debug|Any CPU
		{C7154BD6-8A12-4B7D-85C6-0E7A1EF1EBC8}.Release|Any CPU.ActiveCfg = Release|Any CPU
		{C7154BD6-8A12-4B7D-85C6-0E7A1EF1EBC8}.Release|Any CPU.Build.0 = Release|Any CPU
		{274F921D-A1D9-4BD3-B8EA-8AC19D0BA61F}.Debug|Any CPU.ActiveCfg = Debug|Any CPU
		{274F921D-A1D9-4BD3-B8EA-8AC19D0BA61F}.Debug|Any CPU.Build.0 = Debug|Any CPU
		{274F921D-A1D9-4BD3-B8EA-8AC19D0BA61F}.Release|Any CPU.ActiveCfg = Release|Any CPU
		{274F921D-A1D9-4BD3-B8EA-8AC19D0BA61F}.Release|Any CPU.Build.0 = Release|Any CPU
		{62D5E947-0D34-4763-88F8-FF8B086952E9}.Debug|Any CPU.ActiveCfg = Debug|Any CPU
		{62D5E947-0D34-4763-88F8-FF8B086952E9}.Debug|Any CPU.Build.0 = Debug|Any CPU
		{62D5E947-0D34-4763-88F8-FF8B086952E9}.Release|Any CPU.ActiveCfg = Release|Any CPU
		{62D5E947-0D34-4763-88F8-FF8B086952E9}.Release|Any CPU.Build.0 = Release|Any CPU
		{154D34C1-F6C6-4191-8361-3BFD53B4E45E}.Debug|Any CPU.ActiveCfg = Debug|Any CPU
		{154D34C1-F6C6-4191-8361-3BFD53B4E45E}.Debug|Any CPU.Build.0 = Debug|Any CPU
		{154D34C1-F6C6-4191-8361-3BFD53B4E45E}.Release|Any CPU.ActiveCfg = Release|Any CPU
		{154D34C1-F6C6-4191-8361-3BFD53B4E45E}.Release|Any CPU.Build.0 = Release|Any CPU
		{98E9C80D-066A-4549-B2D3-4B43DAA0F0CF}.Debug|Any CPU.ActiveCfg = Debug|Any CPU
		{98E9C80D-066A-4549-B2D3-4B43DAA0F0CF}.Debug|Any CPU.Build.0 = Debug|Any CPU
		{98E9C80D-066A-4549-B2D3-4B43DAA0F0CF}.Release|Any CPU.ActiveCfg = Release|Any CPU
		{98E9C80D-066A-4549-B2D3-4B43DAA0F0CF}.Release|Any CPU.Build.0 = Release|Any CPU
	EndGlobalSection
	GlobalSection(SolutionProperties) = preSolution
		HideSolutionNode = FALSE
	EndGlobalSection
	GlobalSection(ExtensibilityGlobals) = postSolution
		SolutionGuid = {FB62C897-0D51-47F0-9A7B-DA851E418FA0}
	EndGlobalSection
EndGlobal
