
Microsoft Visual Studio Solution File, Format Version 12.00
# Visual Studio Version 17
VisualStudioVersion = 17.11.35312.102
MinimumVisualStudioVersion = 10.0.40219.1
Project("{FAE04EC0-301F-11D3-BF4B-00C04F79EFBC}") = "1. Positivo o Negativo", "ConsoleApp1\1. Positivo o Negativo.csproj", "{ACA0AF4C-A4FE-4F39-A0B1-2C2FB01C3A34}"
EndProject
Project("{FAE04EC0-301F-11D3-BF4B-00C04F79EFBC}") = "2. Dividir 2 numeros con if", "2. Dividir 2 numeros con if\2. Dividir 2 numeros con if.csproj", "{4ED9C97B-4E4C-4DBF-B8B2-3AC4B1186256}"
EndProject
Project("{FAE04EC0-301F-11D3-BF4B-00C04F79EFBC}") = "3. Mayor de Edad", "3. Mayor de Edad\3. Mayor de Edad.csproj", "{BD59CD5C-CD96-4A18-B299-7D3ADAD53EA4}"
EndProject
Project("{FAE04EC0-301F-11D3-BF4B-00C04F79EFBC}") = "4. If Aninados", "4. If Aninados\4. If Aninados.csproj", "{910846FB-78AA-40EA-A42B-42DA347D6C75}"
EndProject
Project("{FAE04EC0-301F-11D3-BF4B-00C04F79EFBC}") = "5. Escalera If Else", "5. Escalera If Else\5. Escalera If Else.csproj", "{DCE2D731-9A58-41FF-A5FF-A296476F6490}"
EndProject
Project("{FAE04EC0-301F-11D3-BF4B-00C04F79EFBC}") = "6. IF ELSE", "6. IF ELSE\6. IF ELSE.csproj", "{8E840228-27E5-44ED-A12C-84D779DF8321}"
EndProject
Global
	GlobalSection(SolutionConfigurationPlatforms) = preSolution
		Debug|Any CPU = Debug|Any CPU
		Release|Any CPU = Release|Any CPU
	EndGlobalSection
	GlobalSection(ProjectConfigurationPlatforms) = postSolution
		{ACA0AF4C-A4FE-4F39-A0B1-2C2FB01C3A34}.Debug|Any CPU.ActiveCfg = Debug|Any CPU
		{ACA0AF4C-A4FE-4F39-A0B1-2C2FB01C3A34}.Debug|Any CPU.Build.0 = Debug|Any CPU
		{ACA0AF4C-A4FE-4F39-A0B1-2C2FB01C3A34}.Release|Any CPU.ActiveCfg = Release|Any CPU
		{ACA0AF4C-A4FE-4F39-A0B1-2C2FB01C3A34}.Release|Any CPU.Build.0 = Release|Any CPU
		{4ED9C97B-4E4C-4DBF-B8B2-3AC4B1186256}.Debug|Any CPU.ActiveCfg = Debug|Any CPU
		{4ED9C97B-4E4C-4DBF-B8B2-3AC4B1186256}.Debug|Any CPU.Build.0 = Debug|Any CPU
		{4ED9C97B-4E4C-4DBF-B8B2-3AC4B1186256}.Release|Any CPU.ActiveCfg = Release|Any CPU
		{4ED9C97B-4E4C-4DBF-B8B2-3AC4B1186256}.Release|Any CPU.Build.0 = Release|Any CPU
		{BD59CD5C-CD96-4A18-B299-7D3ADAD53EA4}.Debug|Any CPU.ActiveCfg = Debug|Any CPU
		{BD59CD5C-CD96-4A18-B299-7D3ADAD53EA4}.Debug|Any CPU.Build.0 = Debug|Any CPU
		{BD59CD5C-CD96-4A18-B299-7D3ADAD53EA4}.Release|Any CPU.ActiveCfg = Release|Any CPU
		{BD59CD5C-CD96-4A18-B299-7D3ADAD53EA4}.Release|Any CPU.Build.0 = Release|Any CPU
		{910846FB-78AA-40EA-A42B-42DA347D6C75}.Debug|Any CPU.ActiveCfg = Debug|Any CPU
		{910846FB-78AA-40EA-A42B-42DA347D6C75}.Debug|Any CPU.Build.0 = Debug|Any CPU
		{910846FB-78AA-40EA-A42B-42DA347D6C75}.Release|Any CPU.ActiveCfg = Release|Any CPU
		{910846FB-78AA-40EA-A42B-42DA347D6C75}.Release|Any CPU.Build.0 = Release|Any CPU
		{DCE2D731-9A58-41FF-A5FF-A296476F6490}.Debug|Any CPU.ActiveCfg = Debug|Any CPU
		{DCE2D731-9A58-41FF-A5FF-A296476F6490}.Debug|Any CPU.Build.0 = Debug|Any CPU
		{DCE2D731-9A58-41FF-A5FF-A296476F6490}.Release|Any CPU.ActiveCfg = Release|Any CPU
		{DCE2D731-9A58-41FF-A5FF-A296476F6490}.Release|Any CPU.Build.0 = Release|Any CPU
		{8E840228-27E5-44ED-A12C-84D779DF8321}.Debug|Any CPU.ActiveCfg = Debug|Any CPU
		{8E840228-27E5-44ED-A12C-84D779DF8321}.Debug|Any CPU.Build.0 = Debug|Any CPU
		{8E840228-27E5-44ED-A12C-84D779DF8321}.Release|Any CPU.ActiveCfg = Release|Any CPU
		{8E840228-27E5-44ED-A12C-84D779DF8321}.Release|Any CPU.Build.0 = Release|Any CPU
	EndGlobalSection
	GlobalSection(SolutionProperties) = preSolution
		HideSolutionNode = FALSE
	EndGlobalSection
	GlobalSection(ExtensibilityGlobals) = postSolution
		SolutionGuid = {F1F48685-20C0-4974-9FB5-D1CC47992BE6}
	EndGlobalSection
EndGlobal
