
Microsoft Visual Studio Solution File, Format Version 12.00
# Visual Studio Version 17
VisualStudioVersion = 17.11.35312.102
MinimumVisualStudioVersion = 10.0.40219.1
Project("{FAE04EC0-301F-11D3-BF4B-00C04F79EFBC}") = "1. Iniciando Sintasis", "1. Iniciando Sintasis\1. Iniciando Sintasis.csproj", "{AA1E6044-13A8-465C-84D4-CF647644B4E9}"
EndProject
Project("{FAE04EC0-301F-11D3-BF4B-00C04F79EFBC}") = "2. FOR - Promedio de calificaciones", "2. FOR - Promedio de calificaciones\2. FOR - Promedio de calificaciones.csproj", "{536CDB88-F489-4793-B250-7E4621BC7383}"
EndProject
Project("{FAE04EC0-301F-11D3-BF4B-00C04F79EFBC}") = "3. Sintasis FOR", "3. Sintasis FOR\3. Sintasis FOR.csproj", "{8C9FE734-0E09-483F-869F-2FE5894407F8}"
EndProject
Project("{FAE04EC0-301F-11D3-BF4B-00C04F79EFBC}") = "4. Imprimir valor 10 veces", "4. Imprimir valor 10 veces\4. Imprimir valor 10 veces.csproj", "{C0CA93EB-8A89-4FBD-ADD0-3437EFE7ECE3}"
EndProject
Project("{FAE04EC0-301F-11D3-BF4B-00C04F79EFBC}") = "5. Numeros del 10 al 1", "5. Numeros del 10 al 1\5. Numeros del 10 al 1.csproj", "{A9B97805-6F05-426D-89D9-469AA55464A9}"
EndProject
Project("{FAE04EC0-301F-11D3-BF4B-00C04F79EFBC}") = "6. Contador", "6. Contador\6. Contador.csproj", "{22995212-E688-43B8-B3A4-3D51B22A40EB}"
EndProject
Project("{FAE04EC0-301F-11D3-BF4B-00C04F79EFBC}") = "7. ACUMULADORES", "7. ACUMULADORES\7. ACUMULADORES.csproj", "{45CC3B15-1F32-4A7A-BD4E-35F8A51506EA}"
EndProject
Project("{FAE04EC0-301F-11D3-BF4B-00C04F79EFBC}") = "7. ALUMNOS  PROMEDIOS", "7. ALUMNOS  PROMEDIOS\7. ALUMNOS  PROMEDIOS.csproj", "{2B1727D7-2907-4E0C-8E96-B04B99CCBD84}"
EndProject
Project("{FAE04EC0-301F-11D3-BF4B-00C04F79EFBC}") = "8. CALCULAR EL FACTORIAL DE UN NUMERO", "8. CALCULAR EL FACTORIAL DE UN NUMERO\8. CALCULAR EL FACTORIAL DE UN NUMERO.csproj", "{DD5AAF22-96E6-4D51-96C4-4BC6438CA769}"
EndProject
Project("{FAE04EC0-301F-11D3-BF4B-00C04F79EFBC}") = "9. SINTASIS WHILE", "9. SINTASIS WHILE\9. SINTASIS WHILE.csproj", "{02C6B5EA-DA2C-43C8-9FBC-8152AA8E1421}"
EndProject
Project("{FAE04EC0-301F-11D3-BF4B-00C04F79EFBC}") = "9.1. MOSTRAR DEL 1 - 10 WHILE", "10. MOSTRAR DEL 1 - 10 WHILE\9.1. MOSTRAR DEL 1 - 10 WHILE.csproj", "{441B7A96-44DF-41FC-989D-FD7B09B47A87}"
EndProject
Project("{FAE04EC0-301F-11D3-BF4B-00C04F79EFBC}") = "9.2. FORMULARIO REGISTRO", "9.2. FORMULARIO REGISTRO\9.2. FORMULARIO REGISTRO.csproj", "{9655FE30-3173-45C2-86F3-4567C569B363}"
EndProject
Project("{FAE04EC0-301F-11D3-BF4B-00C04F79EFBC}") = "9.3. EJERCICIO DO - WHILE", "9.3. EJERCICIO DO - WHILE\9.3. EJERCICIO DO - WHILE.csproj", "{82D2B08E-8F82-48E1-9A1B-9A2CEC8D589A}"
EndProject
Project("{FAE04EC0-301F-11D3-BF4B-00C04F79EFBC}") = "9.4 DO - ej suma 2 num", "9.4\9.4 DO - ej suma 2 num.csproj", "{5E7DEA65-6D31-4428-8911-E8BBFABB8C2A}"
EndProject
Project("{FAE04EC0-301F-11D3-BF4B-00C04F79EFBC}") = "9.5. Suma de numeros FOR", "9.5. Suma de numeros acumulados\9.5. Suma de numeros FOR.csproj", "{A0429E72-206F-48D3-B1E6-5873AC3165DA}"
EndProject
Project("{FAE04EC0-301F-11D3-BF4B-00C04F79EFBC}") = "9.6. 2num FOR", "9.6. 2num FOR\9.6. 2num FOR.csproj", "{8CA7D96C-FE0F-4AA3-87F2-05702F26E6A7}"
EndProject
Project("{FAE04EC0-301F-11D3-BF4B-00C04F79EFBC}") = "9.7. Tabla de multiplicar 1 al 10 FOR", "9.7. Tabla de multiplicar 1 al 10 FOR\9.7. Tabla de multiplicar 1 al 10 FOR.csproj", "{7F704B54-C131-4877-AD38-E95142CFE6DC}"
EndProject
Project("{FAE04EC0-301F-11D3-BF4B-00C04F79EFBC}") = "9.8. Pontencia FOR", "9.8. Pontencia FOR\9.8. Pontencia FOR.csproj", "{610D14FB-4920-4987-BBFA-487824859F40}"
EndProject
Project("{FAE04EC0-301F-11D3-BF4B-00C04F79EFBC}") = "9.9. PRIMOS DEL 1 AL 100", "9.9. PRIMOS DEL 1 AL 100\9.9. PRIMOS DEL 1 AL 100.csproj", "{F4DD42AF-1D42-488E-8843-870A73215D53}"
EndProject
Global
	GlobalSection(SolutionConfigurationPlatforms) = preSolution
		Debug|Any CPU = Debug|Any CPU
		Release|Any CPU = Release|Any CPU
	EndGlobalSection
	GlobalSection(ProjectConfigurationPlatforms) = postSolution
		{AA1E6044-13A8-465C-84D4-CF647644B4E9}.Debug|Any CPU.ActiveCfg = Debug|Any CPU
		{AA1E6044-13A8-465C-84D4-CF647644B4E9}.Debug|Any CPU.Build.0 = Debug|Any CPU
		{AA1E6044-13A8-465C-84D4-CF647644B4E9}.Release|Any CPU.ActiveCfg = Release|Any CPU
		{AA1E6044-13A8-465C-84D4-CF647644B4E9}.Release|Any CPU.Build.0 = Release|Any CPU
		{536CDB88-F489-4793-B250-7E4621BC7383}.Debug|Any CPU.ActiveCfg = Debug|Any CPU
		{536CDB88-F489-4793-B250-7E4621BC7383}.Debug|Any CPU.Build.0 = Debug|Any CPU
		{536CDB88-F489-4793-B250-7E4621BC7383}.Release|Any CPU.ActiveCfg = Release|Any CPU
		{536CDB88-F489-4793-B250-7E4621BC7383}.Release|Any CPU.Build.0 = Release|Any CPU
		{8C9FE734-0E09-483F-869F-2FE5894407F8}.Debug|Any CPU.ActiveCfg = Debug|Any CPU
		{8C9FE734-0E09-483F-869F-2FE5894407F8}.Debug|Any CPU.Build.0 = Debug|Any CPU
		{8C9FE734-0E09-483F-869F-2FE5894407F8}.Release|Any CPU.ActiveCfg = Release|Any CPU
		{8C9FE734-0E09-483F-869F-2FE5894407F8}.Release|Any CPU.Build.0 = Release|Any CPU
		{C0CA93EB-8A89-4FBD-ADD0-3437EFE7ECE3}.Debug|Any CPU.ActiveCfg = Debug|Any CPU
		{C0CA93EB-8A89-4FBD-ADD0-3437EFE7ECE3}.Debug|Any CPU.Build.0 = Debug|Any CPU
		{C0CA93EB-8A89-4FBD-ADD0-3437EFE7ECE3}.Release|Any CPU.ActiveCfg = Release|Any CPU
		{C0CA93EB-8A89-4FBD-ADD0-3437EFE7ECE3}.Release|Any CPU.Build.0 = Release|Any CPU
		{A9B97805-6F05-426D-89D9-469AA55464A9}.Debug|Any CPU.ActiveCfg = Debug|Any CPU
		{A9B97805-6F05-426D-89D9-469AA55464A9}.Debug|Any CPU.Build.0 = Debug|Any CPU
		{A9B97805-6F05-426D-89D9-469AA55464A9}.Release|Any CPU.ActiveCfg = Release|Any CPU
		{A9B97805-6F05-426D-89D9-469AA55464A9}.Release|Any CPU.Build.0 = Release|Any CPU
		{22995212-E688-43B8-B3A4-3D51B22A40EB}.Debug|Any CPU.ActiveCfg = Debug|Any CPU
		{22995212-E688-43B8-B3A4-3D51B22A40EB}.Debug|Any CPU.Build.0 = Debug|Any CPU
		{22995212-E688-43B8-B3A4-3D51B22A40EB}.Release|Any CPU.ActiveCfg = Release|Any CPU
		{22995212-E688-43B8-B3A4-3D51B22A40EB}.Release|Any CPU.Build.0 = Release|Any CPU
		{45CC3B15-1F32-4A7A-BD4E-35F8A51506EA}.Debug|Any CPU.ActiveCfg = Debug|Any CPU
		{45CC3B15-1F32-4A7A-BD4E-35F8A51506EA}.Debug|Any CPU.Build.0 = Debug|Any CPU
		{45CC3B15-1F32-4A7A-BD4E-35F8A51506EA}.Release|Any CPU.ActiveCfg = Release|Any CPU
		{45CC3B15-1F32-4A7A-BD4E-35F8A51506EA}.Release|Any CPU.Build.0 = Release|Any CPU
		{2B1727D7-2907-4E0C-8E96-B04B99CCBD84}.Debug|Any CPU.ActiveCfg = Debug|Any CPU
		{2B1727D7-2907-4E0C-8E96-B04B99CCBD84}.Debug|Any CPU.Build.0 = Debug|Any CPU
		{2B1727D7-2907-4E0C-8E96-B04B99CCBD84}.Release|Any CPU.ActiveCfg = Release|Any CPU
		{2B1727D7-2907-4E0C-8E96-B04B99CCBD84}.Release|Any CPU.Build.0 = Release|Any CPU
		{DD5AAF22-96E6-4D51-96C4-4BC6438CA769}.Debug|Any CPU.ActiveCfg = Debug|Any CPU
		{DD5AAF22-96E6-4D51-96C4-4BC6438CA769}.Debug|Any CPU.Build.0 = Debug|Any CPU
		{DD5AAF22-96E6-4D51-96C4-4BC6438CA769}.Release|Any CPU.ActiveCfg = Release|Any CPU
		{DD5AAF22-96E6-4D51-96C4-4BC6438CA769}.Release|Any CPU.Build.0 = Release|Any CPU
		{02C6B5EA-DA2C-43C8-9FBC-8152AA8E1421}.Debug|Any CPU.ActiveCfg = Debug|Any CPU
		{02C6B5EA-DA2C-43C8-9FBC-8152AA8E1421}.Debug|Any CPU.Build.0 = Debug|Any CPU
		{02C6B5EA-DA2C-43C8-9FBC-8152AA8E1421}.Release|Any CPU.ActiveCfg = Release|Any CPU
		{02C6B5EA-DA2C-43C8-9FBC-8152AA8E1421}.Release|Any CPU.Build.0 = Release|Any CPU
		{441B7A96-44DF-41FC-989D-FD7B09B47A87}.Debug|Any CPU.ActiveCfg = Debug|Any CPU
		{441B7A96-44DF-41FC-989D-FD7B09B47A87}.Debug|Any CPU.Build.0 = Debug|Any CPU
		{441B7A96-44DF-41FC-989D-FD7B09B47A87}.Release|Any CPU.ActiveCfg = Release|Any CPU
		{441B7A96-44DF-41FC-989D-FD7B09B47A87}.Release|Any CPU.Build.0 = Release|Any CPU
		{9655FE30-3173-45C2-86F3-4567C569B363}.Debug|Any CPU.ActiveCfg = Debug|Any CPU
		{9655FE30-3173-45C2-86F3-4567C569B363}.Debug|Any CPU.Build.0 = Debug|Any CPU
		{9655FE30-3173-45C2-86F3-4567C569B363}.Release|Any CPU.ActiveCfg = Release|Any CPU
		{9655FE30-3173-45C2-86F3-4567C569B363}.Release|Any CPU.Build.0 = Release|Any CPU
		{82D2B08E-8F82-48E1-9A1B-9A2CEC8D589A}.Debug|Any CPU.ActiveCfg = Debug|Any CPU
		{82D2B08E-8F82-48E1-9A1B-9A2CEC8D589A}.Debug|Any CPU.Build.0 = Debug|Any CPU
		{82D2B08E-8F82-48E1-9A1B-9A2CEC8D589A}.Release|Any CPU.ActiveCfg = Release|Any CPU
		{82D2B08E-8F82-48E1-9A1B-9A2CEC8D589A}.Release|Any CPU.Build.0 = Release|Any CPU
		{5E7DEA65-6D31-4428-8911-E8BBFABB8C2A}.Debug|Any CPU.ActiveCfg = Debug|Any CPU
		{5E7DEA65-6D31-4428-8911-E8BBFABB8C2A}.Debug|Any CPU.Build.0 = Debug|Any CPU
		{5E7DEA65-6D31-4428-8911-E8BBFABB8C2A}.Release|Any CPU.ActiveCfg = Release|Any CPU
		{5E7DEA65-6D31-4428-8911-E8BBFABB8C2A}.Release|Any CPU.Build.0 = Release|Any CPU
		{A0429E72-206F-48D3-B1E6-5873AC3165DA}.Debug|Any CPU.ActiveCfg = Debug|Any CPU
		{A0429E72-206F-48D3-B1E6-5873AC3165DA}.Debug|Any CPU.Build.0 = Debug|Any CPU
		{A0429E72-206F-48D3-B1E6-5873AC3165DA}.Release|Any CPU.ActiveCfg = Release|Any CPU
		{A0429E72-206F-48D3-B1E6-5873AC3165DA}.Release|Any CPU.Build.0 = Release|Any CPU
		{8CA7D96C-FE0F-4AA3-87F2-05702F26E6A7}.Debug|Any CPU.ActiveCfg = Debug|Any CPU
		{8CA7D96C-FE0F-4AA3-87F2-05702F26E6A7}.Debug|Any CPU.Build.0 = Debug|Any CPU
		{8CA7D96C-FE0F-4AA3-87F2-05702F26E6A7}.Release|Any CPU.ActiveCfg = Release|Any CPU
		{8CA7D96C-FE0F-4AA3-87F2-05702F26E6A7}.Release|Any CPU.Build.0 = Release|Any CPU
		{7F704B54-C131-4877-AD38-E95142CFE6DC}.Debug|Any CPU.ActiveCfg = Debug|Any CPU
		{7F704B54-C131-4877-AD38-E95142CFE6DC}.Debug|Any CPU.Build.0 = Debug|Any CPU
		{7F704B54-C131-4877-AD38-E95142CFE6DC}.Release|Any CPU.ActiveCfg = Release|Any CPU
		{7F704B54-C131-4877-AD38-E95142CFE6DC}.Release|Any CPU.Build.0 = Release|Any CPU
		{610D14FB-4920-4987-BBFA-487824859F40}.Debug|Any CPU.ActiveCfg = Debug|Any CPU
		{610D14FB-4920-4987-BBFA-487824859F40}.Debug|Any CPU.Build.0 = Debug|Any CPU
		{610D14FB-4920-4987-BBFA-487824859F40}.Release|Any CPU.ActiveCfg = Release|Any CPU
		{610D14FB-4920-4987-BBFA-487824859F40}.Release|Any CPU.Build.0 = Release|Any CPU
		{F4DD42AF-1D42-488E-8843-870A73215D53}.Debug|Any CPU.ActiveCfg = Debug|Any CPU
		{F4DD42AF-1D42-488E-8843-870A73215D53}.Debug|Any CPU.Build.0 = Debug|Any CPU
		{F4DD42AF-1D42-488E-8843-870A73215D53}.Release|Any CPU.ActiveCfg = Release|Any CPU
		{F4DD42AF-1D42-488E-8843-870A73215D53}.Release|Any CPU.Build.0 = Release|Any CPU
	EndGlobalSection
	GlobalSection(SolutionProperties) = preSolution
		HideSolutionNode = FALSE
	EndGlobalSection
	GlobalSection(ExtensibilityGlobals) = postSolution
		SolutionGuid = {3072F86F-58B3-4598-811E-E50FD1F533DB}
	EndGlobalSection
EndGlobal
