
Microsoft Visual Studio Solution File, Format Version 12.00
# Visual Studio Version 17
VisualStudioVersion = 17.11.35312.102
MinimumVisualStudioVersion = 10.0.40219.1
Project("{FAE04EC0-301F-11D3-BF4B-00C04F79EFBC}") = "1. Ingrese su nombre", "Tarea 1\1. Ingrese su nombre.csproj", "{931A58B9-4B61-4218-8B89-8B2BE4E8CAA7}"
EndProject
Project("{FAE04EC0-301F-11D3-BF4B-00C04F79EFBC}") = "2. 60%Descuento", "60%Descuento\2. 60%Descuento.csproj", "{C3DDABC5-26AA-48EE-A4EC-746BA943DF40}"
EndProject
Project("{FAE04EC0-301F-11D3-BF4B-00C04F79EFBC}") = "3. EjercicioMatematico", "EjercicioMatematico\3. EjercicioMatematico.csproj", "{6A3F743F-B096-4B23-8FAA-9422258F4EE7}"
EndProject
Project("{FAE04EC0-301F-11D3-BF4B-00C04F79EFBC}") = "4. SolesaDolares", "SolesaDolares\4. SolesaDolares.csproj", "{90677787-5C2E-4FFD-ACCA-67FE0D2BB647}"
EndProject
Project("{FAE04EC0-301F-11D3-BF4B-00C04F79EFBC}") = "5. Area del Rombo", "5. Area del Rombo\5. Area del Rombo.csproj", "{1A6E3489-86CE-4C0E-A4C6-8E7EEF95B058}"
EndProject
Global
	GlobalSection(SolutionConfigurationPlatforms) = preSolution
		Debug|Any CPU = Debug|Any CPU
		Release|Any CPU = Release|Any CPU
	EndGlobalSection
	GlobalSection(ProjectConfigurationPlatforms) = postSolution
		{931A58B9-4B61-4218-8B89-8B2BE4E8CAA7}.Debug|Any CPU.ActiveCfg = Debug|Any CPU
		{931A58B9-4B61-4218-8B89-8B2BE4E8CAA7}.Debug|Any CPU.Build.0 = Debug|Any CPU
		{931A58B9-4B61-4218-8B89-8B2BE4E8CAA7}.Release|Any CPU.ActiveCfg = Release|Any CPU
		{931A58B9-4B61-4218-8B89-8B2BE4E8CAA7}.Release|Any CPU.Build.0 = Release|Any CPU
		{C3DDABC5-26AA-48EE-A4EC-746BA943DF40}.Debug|Any CPU.ActiveCfg = Debug|Any CPU
		{C3DDABC5-26AA-48EE-A4EC-746BA943DF40}.Debug|Any CPU.Build.0 = Debug|Any CPU
		{C3DDABC5-26AA-48EE-A4EC-746BA943DF40}.Release|Any CPU.ActiveCfg = Release|Any CPU
		{C3DDABC5-26AA-48EE-A4EC-746BA943DF40}.Release|Any CPU.Build.0 = Release|Any CPU
		{6A3F743F-B096-4B23-8FAA-9422258F4EE7}.Debug|Any CPU.ActiveCfg = Debug|Any CPU
		{6A3F743F-B096-4B23-8FAA-9422258F4EE7}.Debug|Any CPU.Build.0 = Debug|Any CPU
		{6A3F743F-B096-4B23-8FAA-9422258F4EE7}.Release|Any CPU.ActiveCfg = Release|Any CPU
		{6A3F743F-B096-4B23-8FAA-9422258F4EE7}.Release|Any CPU.Build.0 = Release|Any CPU
		{90677787-5C2E-4FFD-ACCA-67FE0D2BB647}.Debug|Any CPU.ActiveCfg = Debug|Any CPU
		{90677787-5C2E-4FFD-ACCA-67FE0D2BB647}.Debug|Any CPU.Build.0 = Debug|Any CPU
		{90677787-5C2E-4FFD-ACCA-67FE0D2BB647}.Release|Any CPU.ActiveCfg = Release|Any CPU
		{90677787-5C2E-4FFD-ACCA-67FE0D2BB647}.Release|Any CPU.Build.0 = Release|Any CPU
		{1A6E3489-86CE-4C0E-A4C6-8E7EEF95B058}.Debug|Any CPU.ActiveCfg = Debug|Any CPU
		{1A6E3489-86CE-4C0E-A4C6-8E7EEF95B058}.Debug|Any CPU.Build.0 = Debug|Any CPU
		{1A6E3489-86CE-4C0E-A4C6-8E7EEF95B058}.Release|Any CPU.ActiveCfg = Release|Any CPU
		{1A6E3489-86CE-4C0E-A4C6-8E7EEF95B058}.Release|Any CPU.Build.0 = Release|Any CPU
	EndGlobalSection
	GlobalSection(SolutionProperties) = preSolution
		HideSolutionNode = FALSE
	EndGlobalSection
	GlobalSection(ExtensibilityGlobals) = postSolution
		SolutionGuid = {EA3DF4C7-6974-4706-B18C-24693D71523C}
	EndGlobalSection
EndGlobal
