
Microsoft Visual Studio Solution File, Format Version 12.00
# Visual Studio Version 17
VisualStudioVersion = 17.14.36310.24 d17.14
MinimumVisualStudioVersion = 10.0.40219.1
Project("{FAE04EC0-301F-11D3-BF4B-00C04F79EFBC}") = "1. Declara matriz unidimen", "MATRICES\1. Declara matriz unidimen.csproj", "{B847FE6A-DDEB-4654-A637-DBF13D70F371}"
EndProject
Project("{FAE04EC0-301F-11D3-BF4B-00C04F79EFBC}") = "1.1 Inicializando la matriz uni", "1.1 Inicializando la matriz uni\1.1 Inicializando la matriz uni.csproj", "{5C5B5821-29FB-4AAD-A74C-134CCC99B910}"
EndProject
Project("{FAE04EC0-301F-11D3-BF4B-00C04F79EFBC}") = "1.2. ACCEDER A LA MATRIZ", "1.2. ACCEDER A LA MATRIZ\1.2. ACCEDER A LA MATRIZ.csproj", "{E23AB55A-1F82-4138-A1AE-6F47F13A43D6}"
EndProject
Project("{FAE04EC0-301F-11D3-BF4B-00C04F79EFBC}") = "1.3 ACCEDE MATRIZ USANDO ITERACION", "1.3 ACCEDE MATRIZ USANDO ITERACION\1.3 ACCEDE MATRIZ USANDO ITERACION.csproj", "{00F03880-3DD5-4260-BB4F-A0AD5E46BD3C}"
EndProject
Project("{FAE04EC0-301F-11D3-BF4B-00C04F79EFBC}") = "1.4. EJERCICO MATRIZ UNIDI", "1.4. EJERCICO MATRIZ UNIDI\1.4. EJERCICO MATRIZ UNIDI.csproj", "{00CA264B-E33A-4C4C-8517-791E71E52A72}"
EndProject
Global
	GlobalSection(SolutionConfigurationPlatforms) = preSolution
		Debug|Any CPU = Debug|Any CPU
		Release|Any CPU = Release|Any CPU
	EndGlobalSection
	GlobalSection(ProjectConfigurationPlatforms) = postSolution
		{B847FE6A-DDEB-4654-A637-DBF13D70F371}.Debug|Any CPU.ActiveCfg = Debug|Any CPU
		{B847FE6A-DDEB-4654-A637-DBF13D70F371}.Debug|Any CPU.Build.0 = Debug|Any CPU
		{B847FE6A-DDEB-4654-A637-DBF13D70F371}.Release|Any CPU.ActiveCfg = Release|Any CPU
		{B847FE6A-DDEB-4654-A637-DBF13D70F371}.Release|Any CPU.Build.0 = Release|Any CPU
		{5C5B5821-29FB-4AAD-A74C-134CCC99B910}.Debug|Any CPU.ActiveCfg = Debug|Any CPU
		{5C5B5821-29FB-4AAD-A74C-134CCC99B910}.Debug|Any CPU.Build.0 = Debug|Any CPU
		{5C5B5821-29FB-4AAD-A74C-134CCC99B910}.Release|Any CPU.ActiveCfg = Release|Any CPU
		{5C5B5821-29FB-4AAD-A74C-134CCC99B910}.Release|Any CPU.Build.0 = Release|Any CPU
		{E23AB55A-1F82-4138-A1AE-6F47F13A43D6}.Debug|Any CPU.ActiveCfg = Debug|Any CPU
		{E23AB55A-1F82-4138-A1AE-6F47F13A43D6}.Debug|Any CPU.Build.0 = Debug|Any CPU
		{E23AB55A-1F82-4138-A1AE-6F47F13A43D6}.Release|Any CPU.ActiveCfg = Release|Any CPU
		{E23AB55A-1F82-4138-A1AE-6F47F13A43D6}.Release|Any CPU.Build.0 = Release|Any CPU
		{00F03880-3DD5-4260-BB4F-A0AD5E46BD3C}.Debug|Any CPU.ActiveCfg = Debug|Any CPU
		{00F03880-3DD5-4260-BB4F-A0AD5E46BD3C}.Debug|Any CPU.Build.0 = Debug|Any CPU
		{00F03880-3DD5-4260-BB4F-A0AD5E46BD3C}.Release|Any CPU.ActiveCfg = Release|Any CPU
		{00F03880-3DD5-4260-BB4F-A0AD5E46BD3C}.Release|Any CPU.Build.0 = Release|Any CPU
		{00CA264B-E33A-4C4C-8517-791E71E52A72}.Debug|Any CPU.ActiveCfg = Debug|Any CPU
		{00CA264B-E33A-4C4C-8517-791E71E52A72}.Debug|Any CPU.Build.0 = Debug|Any CPU
		{00CA264B-E33A-4C4C-8517-791E71E52A72}.Release|Any CPU.ActiveCfg = Release|Any CPU
		{00CA264B-E33A-4C4C-8517-791E71E52A72}.Release|Any CPU.Build.0 = Release|Any CPU
	EndGlobalSection
	GlobalSection(SolutionProperties) = preSolution
		HideSolutionNode = FALSE
	EndGlobalSection
	GlobalSection(ExtensibilityGlobals) = postSolution
		SolutionGuid = {10586446-B19F-43B1-AE64-DEC6DB7DAD85}
	EndGlobalSection
EndGlobal
