
Microsoft Visual Studio Solution File, Format Version 12.00
# Visual Studio Version 17
VisualStudioVersion = 17.14.36310.24
MinimumVisualStudioVersion = 10.0.40219.1
Project("{FAE04EC0-301F-11D3-BF4B-00C04F79EFBC}") = "1. METODOS SIN PARAMETROS NITIPO", "METODOS\1. METODOS SIN PARAMETROS NITIPO.csproj", "{DEA057E2-10B2-45AA-A844-14CA6F5C16F8}"
EndProject
Project("{FAE04EC0-301F-11D3-BF4B-00C04F79EFBC}") = "1.1.METODO ANTERIOR OPTIMIZADO", "2. Metodo optimizado\1.1.METODO ANTERIOR OPTIMIZADO.csproj", "{96F5DF09-AAF9-4EED-8068-16C2CC68A7A8}"
EndProject
Project("{FAE04EC0-301F-11D3-BF4B-00C04F79EFBC}") = "2. PASAR X VALOR", "2. PASAR X VALOR\2. PASAR X VALOR.csproj", "{006F573A-0C0D-4DAE-8001-F73D030FB76E}"
EndProject
Project("{FAE04EC0-301F-11D3-BF4B-00C04F79EFBC}") = "3. VAR", "3. VAR\3. VAR.csproj", "{B8E671C9-7A95-4172-BAC5-B0EFEFAD3534}"
EndProject
Project("{FAE04EC0-301F-11D3-BF4B-00C04F79EFBC}") = "3.1 TUPLA", "3.1 TUPLA\3.1 TUPLA.csproj", "{8451A9DA-CFCD-4B10-B15D-7076F0B66CE2}"
EndProject
Project("{FAE04EC0-301F-11D3-BF4B-00C04F79EFBC}") = "TAREA1. GRADOS A RADIANES", "TAREA1. GRADOS A RADIANES\TAREA1. GRADOS A RADIANES.csproj", "{A697FD1A-D7FF-4294-BFC5-847B2470DFD8}"
EndProject
Project("{FAE04EC0-301F-11D3-BF4B-00C04F79EFBC}") = "TAREA2. AREA CIRCULO", "TAREA 2\TAREA2. AREA CIRCULO.csproj", "{60DAF692-724A-40B7-AE38-25EAC7092543}"
EndProject
Global
	GlobalSection(SolutionConfigurationPlatforms) = preSolution
		Debug|Any CPU = Debug|Any CPU
		Release|Any CPU = Release|Any CPU
	EndGlobalSection
	GlobalSection(ProjectConfigurationPlatforms) = postSolution
		{DEA057E2-10B2-45AA-A844-14CA6F5C16F8}.Debug|Any CPU.ActiveCfg = Debug|Any CPU
		{DEA057E2-10B2-45AA-A844-14CA6F5C16F8}.Debug|Any CPU.Build.0 = Debug|Any CPU
		{DEA057E2-10B2-45AA-A844-14CA6F5C16F8}.Release|Any CPU.ActiveCfg = Release|Any CPU
		{DEA057E2-10B2-45AA-A844-14CA6F5C16F8}.Release|Any CPU.Build.0 = Release|Any CPU
		{96F5DF09-AAF9-4EED-8068-16C2CC68A7A8}.Debug|Any CPU.ActiveCfg = Debug|Any CPU
		{96F5DF09-AAF9-4EED-8068-16C2CC68A7A8}.Debug|Any CPU.Build.0 = Debug|Any CPU
		{96F5DF09-AAF9-4EED-8068-16C2CC68A7A8}.Release|Any CPU.ActiveCfg = Release|Any CPU
		{96F5DF09-AAF9-4EED-8068-16C2CC68A7A8}.Release|Any CPU.Build.0 = Release|Any CPU
		{006F573A-0C0D-4DAE-8001-F73D030FB76E}.Debug|Any CPU.ActiveCfg = Debug|Any CPU
		{006F573A-0C0D-4DAE-8001-F73D030FB76E}.Debug|Any CPU.Build.0 = Debug|Any CPU
		{006F573A-0C0D-4DAE-8001-F73D030FB76E}.Release|Any CPU.ActiveCfg = Release|Any CPU
		{006F573A-0C0D-4DAE-8001-F73D030FB76E}.Release|Any CPU.Build.0 = Release|Any CPU
		{B8E671C9-7A95-4172-BAC5-B0EFEFAD3534}.Debug|Any CPU.ActiveCfg = Debug|Any CPU
		{B8E671C9-7A95-4172-BAC5-B0EFEFAD3534}.Debug|Any CPU.Build.0 = Debug|Any CPU
		{B8E671C9-7A95-4172-BAC5-B0EFEFAD3534}.Release|Any CPU.ActiveCfg = Release|Any CPU
		{B8E671C9-7A95-4172-BAC5-B0EFEFAD3534}.Release|Any CPU.Build.0 = Release|Any CPU
		{8451A9DA-CFCD-4B10-B15D-7076F0B66CE2}.Debug|Any CPU.ActiveCfg = Debug|Any CPU
		{8451A9DA-CFCD-4B10-B15D-7076F0B66CE2}.Debug|Any CPU.Build.0 = Debug|Any CPU
		{8451A9DA-CFCD-4B10-B15D-7076F0B66CE2}.Release|Any CPU.ActiveCfg = Release|Any CPU
		{8451A9DA-CFCD-4B10-B15D-7076F0B66CE2}.Release|Any CPU.Build.0 = Release|Any CPU
		{A697FD1A-D7FF-4294-BFC5-847B2470DFD8}.Debug|Any CPU.ActiveCfg = Debug|Any CPU
		{A697FD1A-D7FF-4294-BFC5-847B2470DFD8}.Debug|Any CPU.Build.0 = Debug|Any CPU
		{A697FD1A-D7FF-4294-BFC5-847B2470DFD8}.Release|Any CPU.ActiveCfg = Release|Any CPU
		{A697FD1A-D7FF-4294-BFC5-847B2470DFD8}.Release|Any CPU.Build.0 = Release|Any CPU
		{60DAF692-724A-40B7-AE38-25EAC7092543}.Debug|Any CPU.ActiveCfg = Debug|Any CPU
		{60DAF692-724A-40B7-AE38-25EAC7092543}.Debug|Any CPU.Build.0 = Debug|Any CPU
		{60DAF692-724A-40B7-AE38-25EAC7092543}.Release|Any CPU.ActiveCfg = Release|Any CPU
		{60DAF692-724A-40B7-AE38-25EAC7092543}.Release|Any CPU.Build.0 = Release|Any CPU
	EndGlobalSection
	GlobalSection(SolutionProperties) = preSolution
		HideSolutionNode = FALSE
	EndGlobalSection
	GlobalSection(ExtensibilityGlobals) = postSolution
		SolutionGuid = {F981489D-A43B-4D67-B364-E44D652DFE09}
	EndGlobalSection
EndGlobal
